{
  "name": "webdev-take-home-exercise-master",
  "version": "1.0.0",
  "lockfileVersion": 1,
  "requires": true,
  "dependencies": {
    "now": {
      "version": "15.8.0",
      "resolved": "https://registry.npmjs.org/now/-/now-15.8.0.tgz",
      "integrity": "sha512-0RfVPAyzI6oR6IN0oxsMrANXXvyVZ34//VDGZ+Z4xW4DxtAxB5bls2m1VXpqmyu2Asc7RrdHOL9XthNE+70OXA=="
    }
  }
}
